// !$*UTF8*$!
{
	archiveVersion = 1;
	classes = {
	};
	objectVersion = 46;
	objects = {

/* Begin PBXBuildFile section */
		13DC5ABB1E8BC7AF00EBC24F /* AppDelegate.swift in Sources */ = {isa = PBXBuildFile; fileRef = 13DC5ABA1E8BC7AF00EBC24F /* AppDelegate.swift */; };
		13DC5ABD1E8BC7AF00EBC24F /* ViewController.swift in Sources */ = {isa = PBXBuildFile; fileRef = 13DC5ABC1E8BC7AF00EBC24F /* ViewController.swift */; };
		13DC5AC01E8BC7AF00EBC24F /* Main.storyboard in Resources */ = {isa = PBXBuildFile; fileRef = 13DC5ABE1E8BC7AF00EBC24F /* Main.storyboard */; };
		13DC5AC31E8BC7AF00EBC24F /* Cykas.xcdatamodeld in Sources */ = {isa = PBXBuildFile; fileRef = 13DC5AC11E8BC7AF00EBC24F /* Cykas.xcdatamodeld */; };
		13DC5AC51E8BC7AF00EBC24F /* Assets.xcassets in Resources */ = {isa = PBXBuildFile; fileRef = 13DC5AC41E8BC7AF00EBC24F /* Assets.xcassets */; };
		13DC5AC81E8BC7AF00EBC24F /* LaunchScreen.storyboard in Resources */ = {isa = PBXBuildFile; fileRef = 13DC5AC61E8BC7AF00EBC24F /* LaunchScreen.storyboard */; };
		13DC5AD31E8BC7AF00EBC24F /* CykasTests.swift in Sources */ = {isa = PBXBuildFile; fileRef = 13DC5AD21E8BC7AF00EBC24F /* CykasTests.swift */; };
		13DC5ADE1E8BC7AF00EBC24F /* CykasUITests.swift in Sources */ = {isa = PBXBuildFile; fileRef = 13DC5ADD1E8BC7AF00EBC24F /* CykasUITests.swift */; };
		9D2E54321E8D053400406718 /* GestureView.swift in Sources */ = {isa = PBXBuildFile; fileRef = 9D2E54311E8D053400406718 /* GestureView.swift */; };
		9D757DAD1E8EA68100561BBB /* PennyPincher.framework in Frameworks */ = {isa = PBXBuildFile; fileRef = 9D757DAC1E8EA68100561BBB /* PennyPincher.framework */; };
		9D757DAE1E8EA68100561BBB /* PennyPincher.framework in Embed Frameworks */ = {isa = PBXBuildFile; fileRef = 9D757DAC1E8EA68100561BBB /* PennyPincher.framework */; settings = {ATTRIBUTES = (CodeSignOnCopy, RemoveHeadersOnCopy, ); }; };
		9DF778501E8EC2DB00200CDC /* CryptoSwift.framework in Frameworks */ = {isa = PBXBuildFile; fileRef = 9DF7784F1E8EC2DB00200CDC /* CryptoSwift.framework */; };
		9DF778511E8EC2DB00200CDC /* CryptoSwift.framework in Embed Frameworks */ = {isa = PBXBuildFile; fileRef = 9DF7784F1E8EC2DB00200CDC /* CryptoSwift.framework */; settings = {ATTRIBUTES = (CodeSignOnCopy, RemoveHeadersOnCopy, ); }; };
		C36B95551E92348D000F432B /* TemplateGesture+CoreDataClass.swift in Sources */ = {isa = PBXBuildFile; fileRef = C36B95531E92348D000F432B /* TemplateGesture+CoreDataClass.swift */; };
		C36B95561E92348D000F432B /* TemplateGesture+CoreDataProperties.swift in Sources */ = {isa = PBXBuildFile; fileRef = C36B95541E92348D000F432B /* TemplateGesture+CoreDataProperties.swift */; };
		C36B955A1E9237A7000F432B /* PersistenceManagerTemplate.swift in Sources */ = {isa = PBXBuildFile; fileRef = C36B95591E9237A7000F432B /* PersistenceManagerTemplate.swift */; };
/* End PBXBuildFile section */

/* Begin PBXContainerItemProxy section */
		13DC5ACF1E8BC7AF00EBC24F /* PBXContainerItemProxy */ = {
			isa = PBXContainerItemProxy;
			containerPortal = 13DC5AAF1E8BC7AF00EBC24F /* Project object */;
			proxyType = 1;
			remoteGlobalIDString = 13DC5AB61E8BC7AF00EBC24F;
			remoteInfo = Cykas;
		};
		13DC5ADA1E8BC7AF00EBC24F /* PBXContainerItemProxy */ = {
			isa = PBXContainerItemProxy;
			containerPortal = 13DC5AAF1E8BC7AF00EBC24F /* Project object */;
			proxyType = 1;
			remoteGlobalIDString = 13DC5AB61E8BC7AF00EBC24F;
			remoteInfo = Cykas;
		};
/* End PBXContainerItemProxy section */

/* Begin PBXCopyFilesBuildPhase section */
		9D757DAF1E8EA68100561BBB /* Embed Frameworks */ = {
			isa = PBXCopyFilesBuildPhase;
			buildActionMask = 2147483647;
			dstPath = "";
			dstSubfolderSpec = 10;
			files = (
				9D757DAE1E8EA68100561BBB /* PennyPincher.framework in Embed Frameworks */,
				9DF778511E8EC2DB00200CDC /* CryptoSwift.framework in Embed Frameworks */,
			);
			name = "Embed Frameworks";
			runOnlyForDeploymentPostprocessing = 0;
		};
/* End PBXCopyFilesBuildPhase section */

/* Begin PBXFileReference section */
		13DC5AB71E8BC7AF00EBC24F /* Cykas.app */ = {isa = PBXFileReference; explicitFileType = wrapper.application; includeInIndex = 0; path = Cykas.app; sourceTree = BUILT_PRODUCTS_DIR; };
		13DC5ABA1E8BC7AF00EBC24F /* AppDelegate.swift */ = {isa = PBXFileReference; lastKnownFileType = sourcecode.swift; path = AppDelegate.swift; sourceTree = "<group>"; };
		13DC5ABC1E8BC7AF00EBC24F /* ViewController.swift */ = {isa = PBXFileReference; lastKnownFileType = sourcecode.swift; path = ViewController.swift; sourceTree = "<group>"; };
		13DC5ABF1E8BC7AF00EBC24F /* Base */ = {isa = PBXFileReference; lastKnownFileType = file.storyboard; name = Base; path = Base.lproj/Main.storyboard; sourceTree = "<group>"; };
		13DC5AC21E8BC7AF00EBC24F /* Cykas.xcdatamodel */ = {isa = PBXFileReference; lastKnownFileType = wrapper.xcdatamodel; path = Cykas.xcdatamodel; sourceTree = "<group>"; };
		13DC5AC41E8BC7AF00EBC24F /* Assets.xcassets */ = {isa = PBXFileReference; lastKnownFileType = folder.assetcatalog; path = Assets.xcassets; sourceTree = "<group>"; };
		13DC5AC71E8BC7AF00EBC24F /* Base */ = {isa = PBXFileReference; lastKnownFileType = file.storyboard; name = Base; path = Base.lproj/LaunchScreen.storyboard; sourceTree = "<group>"; };
		13DC5AC91E8BC7AF00EBC24F /* Info.plist */ = {isa = PBXFileReference; lastKnownFileType = text.plist.xml; path = Info.plist; sourceTree = "<group>"; };
		13DC5ACE1E8BC7AF00EBC24F /* CykasTests.xctest */ = {isa = PBXFileReference; explicitFileType = wrapper.cfbundle; includeInIndex = 0; path = CykasTests.xctest; sourceTree = BUILT_PRODUCTS_DIR; };
		13DC5AD21E8BC7AF00EBC24F /* CykasTests.swift */ = {isa = PBXFileReference; lastKnownFileType = sourcecode.swift; path = CykasTests.swift; sourceTree = "<group>"; };
		13DC5AD41E8BC7AF00EBC24F /* Info.plist */ = {isa = PBXFileReference; lastKnownFileType = text.plist.xml; path = Info.plist; sourceTree = "<group>"; };
		13DC5AD91E8BC7AF00EBC24F /* CykasUITests.xctest */ = {isa = PBXFileReference; explicitFileType = wrapper.cfbundle; includeInIndex = 0; path = CykasUITests.xctest; sourceTree = BUILT_PRODUCTS_DIR; };
		13DC5ADD1E8BC7AF00EBC24F /* CykasUITests.swift */ = {isa = PBXFileReference; lastKnownFileType = sourcecode.swift; path = CykasUITests.swift; sourceTree = "<group>"; };
		13DC5ADF1E8BC7AF00EBC24F /* Info.plist */ = {isa = PBXFileReference; lastKnownFileType = text.plist.xml; path = Info.plist; sourceTree = "<group>"; };
		9D2E54311E8D053400406718 /* GestureView.swift */ = {isa = PBXFileReference; fileEncoding = 4; lastKnownFileType = sourcecode.swift; path = GestureView.swift; sourceTree = "<group>"; };
		9D757DAC1E8EA68100561BBB /* PennyPincher.framework */ = {isa = PBXFileReference; lastKnownFileType = wrapper.framework; path = PennyPincher.framework; sourceTree = "<group>"; };
		9DF7784F1E8EC2DB00200CDC /* CryptoSwift.framework */ = {isa = PBXFileReference; lastKnownFileType = wrapper.framework; path = CryptoSwift.framework; sourceTree = "<group>"; };
		C36B95531E92348D000F432B /* TemplateGesture+CoreDataClass.swift */ = {isa = PBXFileReference; fileEncoding = 4; lastKnownFileType = sourcecode.swift; path = "TemplateGesture+CoreDataClass.swift"; sourceTree = "<group>"; };
		C36B95541E92348D000F432B /* TemplateGesture+CoreDataProperties.swift */ = {isa = PBXFileReference; fileEncoding = 4; lastKnownFileType = sourcecode.swift; path = "TemplateGesture+CoreDataProperties.swift"; sourceTree = "<group>"; };
		C36B95591E9237A7000F432B /* PersistenceManagerTemplate.swift */ = {isa = PBXFileReference; fileEncoding = 4; lastKnownFileType = sourcecode.swift; path = PersistenceManagerTemplate.swift; sourceTree = "<group>"; };
/* End PBXFileReference section */

/* Begin PBXFrameworksBuildPhase section */
		13DC5AB41E8BC7AF00EBC24F /* Frameworks */ = {
			isa = PBXFrameworksBuildPhase;
			buildActionMask = 2147483647;
			files = (
				9D757DAD1E8EA68100561BBB /* PennyPincher.framework in Frameworks */,
				9DF778501E8EC2DB00200CDC /* CryptoSwift.framework in Frameworks */,
			);
			runOnlyForDeploymentPostprocessing = 0;
		};
		13DC5ACB1E8BC7AF00EBC24F /* Frameworks */ = {
			isa = PBXFrameworksBuildPhase;
			buildActionMask = 2147483647;
			files = (
			);
			runOnlyForDeploymentPostprocessing = 0;
		};
		13DC5AD61E8BC7AF00EBC24F /* Frameworks */ = {
			isa = PBXFrameworksBuildPhase;
			buildActionMask = 2147483647;
			files = (
			);
			runOnlyForDeploymentPostprocessing = 0;
		};
/* End PBXFrameworksBuildPhase section */

/* Begin PBXGroup section */
		13DC5AAE1E8BC7AF00EBC24F = {
			isa = PBXGroup;
			children = (
				C36B95531E92348D000F432B /* TemplateGesture+CoreDataClass.swift */,
				C36B95541E92348D000F432B /* TemplateGesture+CoreDataProperties.swift */,
				9DF7784F1E8EC2DB00200CDC /* CryptoSwift.framework */,
				9D757DAC1E8EA68100561BBB /* PennyPincher.framework */,
				13DC5AB91E8BC7AF00EBC24F /* Cykas */,
				13DC5AD11E8BC7AF00EBC24F /* CykasTests */,
				13DC5ADC1E8BC7AF00EBC24F /* CykasUITests */,
				13DC5AB81E8BC7AF00EBC24F /* Products */,
			);
			sourceTree = "<group>";
		};
		13DC5AB81E8BC7AF00EBC24F /* Products */ = {
			isa = PBXGroup;
			children = (
				13DC5AB71E8BC7AF00EBC24F /* Cykas.app */,
				13DC5ACE1E8BC7AF00EBC24F /* CykasTests.xctest */,
				13DC5AD91E8BC7AF00EBC24F /* CykasUITests.xctest */,
			);
			name = Products;
			sourceTree = "<group>";
		};
		13DC5AB91E8BC7AF00EBC24F /* Cykas */ = {
			isa = PBXGroup;
			children = (
				13DC5ABA1E8BC7AF00EBC24F /* AppDelegate.swift */,
				13DC5ABC1E8BC7AF00EBC24F /* ViewController.swift */,
				13DC5ABE1E8BC7AF00EBC24F /* Main.storyboard */,
				13DC5AC41E8BC7AF00EBC24F /* Assets.xcassets */,
				C36B95591E9237A7000F432B /* PersistenceManagerTemplate.swift */,
				13DC5AC61E8BC7AF00EBC24F /* LaunchScreen.storyboard */,
				13DC5AC91E8BC7AF00EBC24F /* Info.plist */,
				13DC5AC11E8BC7AF00EBC24F /* Cykas.xcdatamodeld */,
				9D2E54311E8D053400406718 /* GestureView.swift */,
			);
			path = Cykas;
			sourceTree = "<group>";
		};
		13DC5AD11E8BC7AF00EBC24F /* CykasTests */ = {
			isa = PBXGroup;
			children = (
				13DC5AD21E8BC7AF00EBC24F /* CykasTests.swift */,
				13DC5AD41E8BC7AF00EBC24F /* Info.plist */,
			);
			path = CykasTests;
			sourceTree = "<group>";
		};
		13DC5ADC1E8BC7AF00EBC24F /* CykasUITests */ = {
			isa = PBXGroup;
			children = (
				13DC5ADD1E8BC7AF00EBC24F /* CykasUITests.swift */,
				13DC5ADF1E8BC7AF00EBC24F /* Info.plist */,
			);
			path = CykasUITests;
			sourceTree = "<group>";
		};
/* End PBXGroup section */

/* Begin PBXNativeTarget section */
		13DC5AB61E8BC7AF00EBC24F /* Cykas */ = {
			isa = PBXNativeTarget;
			buildConfigurationList = 13DC5AE21E8BC7AF00EBC24F /* Build configuration list for PBXNativeTarget "Cykas" */;
			buildPhases = (
				13DC5AB31E8BC7AF00EBC24F /* Sources */,
				13DC5AB41E8BC7AF00EBC24F /* Frameworks */,
				13DC5AB51E8BC7AF00EBC24F /* Resources */,
				9D757DAF1E8EA68100561BBB /* Embed Frameworks */,
			);
			buildRules = (
			);
			dependencies = (
			);
			name = Cykas;
			productName = Cykas;
			productReference = 13DC5AB71E8BC7AF00EBC24F /* Cykas.app */;
			productType = "com.apple.product-type.application";
		};
		13DC5ACD1E8BC7AF00EBC24F /* CykasTests */ = {
			isa = PBXNativeTarget;
			buildConfigurationList = 13DC5AE51E8BC7AF00EBC24F /* Build configuration list for PBXNativeTarget "CykasTests" */;
			buildPhases = (
				13DC5ACA1E8BC7AF00EBC24F /* Sources */,
				13DC5ACB1E8BC7AF00EBC24F /* Frameworks */,
				13DC5ACC1E8BC7AF00EBC24F /* Resources */,
			);
			buildRules = (
			);
			dependencies = (
				13DC5AD01E8BC7AF00EBC24F /* PBXTargetDependency */,
			);
			name = CykasTests;
			productName = CykasTests;
			productReference = 13DC5ACE1E8BC7AF00EBC24F /* CykasTests.xctest */;
			productType = "com.apple.product-type.bundle.unit-test";
		};
		13DC5AD81E8BC7AF00EBC24F /* CykasUITests */ = {
			isa = PBXNativeTarget;
			buildConfigurationList = 13DC5AE81E8BC7AF00EBC24F /* Build configuration list for PBXNativeTarget "CykasUITests" */;
			buildPhases = (
				13DC5AD51E8BC7AF00EBC24F /* Sources */,
				13DC5AD61E8BC7AF00EBC24F /* Frameworks */,
				13DC5AD71E8BC7AF00EBC24F /* Resources */,
			);
			buildRules = (
			);
			dependencies = (
				13DC5ADB1E8BC7AF00EBC24F /* PBXTargetDependency */,
			);
			name = CykasUITests;
			productName = CykasUITests;
			productReference = 13DC5AD91E8BC7AF00EBC24F /* CykasUITests.xctest */;
			productType = "com.apple.product-type.bundle.ui-testing";
		};
/* End PBXNativeTarget section */

/* Begin PBXProject section */
		13DC5AAF1E8BC7AF00EBC24F /* Project object */ = {
			isa = PBXProject;
			attributes = {
				LastSwiftUpdateCheck = 0820;
				LastUpgradeCheck = 0820;
				ORGANIZATIONNAME = ALBA;
				TargetAttributes = {
					13DC5AB61E8BC7AF00EBC24F = {
						CreatedOnToolsVersion = 8.2.1;
						DevelopmentTeam = 7HD9H4B8M3;
						ProvisioningStyle = Automatic;
					};
					13DC5ACD1E8BC7AF00EBC24F = {
						CreatedOnToolsVersion = 8.2.1;
						DevelopmentTeam = 7HD9H4B8M3;
						ProvisioningStyle = Automatic;
						TestTargetID = 13DC5AB61E8BC7AF00EBC24F;
					};
					13DC5AD81E8BC7AF00EBC24F = {
						CreatedOnToolsVersion = 8.2.1;
						DevelopmentTeam = 7HD9H4B8M3;
						ProvisioningStyle = Automatic;
						TestTargetID = 13DC5AB61E8BC7AF00EBC24F;
					};
				};
			};
			buildConfigurationList = 13DC5AB21E8BC7AF00EBC24F /* Build configuration list for PBXProject "Cykas" */;
			compatibilityVersion = "Xcode 3.2";
			developmentRegion = English;
			hasScannedForEncodings = 0;
			knownRegions = (
				en,
				Base,
			);
			mainGroup = 13DC5AAE1E8BC7AF00EBC24F;
			productRefGroup = 13DC5AB81E8BC7AF00EBC24F /* Products */;
			projectDirPath = "";
			projectRoot = "";
			targets = (
				13DC5AB61E8BC7AF00EBC24F /* Cykas */,
				13DC5ACD1E8BC7AF00EBC24F /* CykasTests */,
				13DC5AD81E8BC7AF00EBC24F /* CykasUITests */,
			);
		};
/* End PBXProject section */

/* Begin PBXResourcesBuildPhase section */
		13DC5AB51E8BC7AF00EBC24F /* Resources */ = {
			isa = PBXResourcesBuildPhase;
			buildActionMask = 2147483647;
			files = (
				13DC5AC81E8BC7AF00EBC24F /* LaunchScreen.storyboard in Resources */,
				13DC5AC51E8BC7AF00EBC24F /* Assets.xcassets in Resources */,
				13DC5AC01E8BC7AF00EBC24F /* Main.storyboard in Resources */,
			);
			runOnlyForDeploymentPostprocessing = 0;
		};
		13DC5ACC1E8BC7AF00EBC24F /* Resources */ = {
			isa = PBXResourcesBuildPhase;
			buildActionMask = 2147483647;
			files = (
			);
			runOnlyForDeploymentPostprocessing = 0;
		};
		13DC5AD71E8BC7AF00EBC24F /* Resources */ = {
			isa = PBXResourcesBuildPhase;
			buildActionMask = 2147483647;
			files = (
			);
			runOnlyForDeploymentPostprocessing = 0;
		};
/* End PBXResourcesBuildPhase section */

/* Begin PBXSourcesBuildPhase section */
		13DC5AB31E8BC7AF00EBC24F /* Sources */ = {
			isa = PBXSourcesBuildPhase;
			buildActionMask = 2147483647;
			files = (
				C36B955A1E9237A7000F432B /* PersistenceManagerTemplate.swift in Sources */,
				13DC5ABD1E8BC7AF00EBC24F /* ViewController.swift in Sources */,
				13DC5AC31E8BC7AF00EBC24F /* Cykas.xcdatamodeld in Sources */,
				C36B95551E92348D000F432B /* TemplateGesture+CoreDataClass.swift in Sources */,
				C36B95561E92348D000F432B /* TemplateGesture+CoreDataProperties.swift in Sources */,
				9D2E54321E8D053400406718 /* GestureView.swift in Sources */,
				13DC5ABB1E8BC7AF00EBC24F /* AppDelegate.swift in Sources */,
			);
			runOnlyForDeploymentPostprocessing = 0;
		};
		13DC5ACA1E8BC7AF00EBC24F /* Sources */ = {
			isa = PBXSourcesBuildPhase;
			buildActionMask = 2147483647;
			files = (
				13DC5AD31E8BC7AF00EBC24F /* CykasTests.swift in Sources */,
			);
			runOnlyForDeploymentPostprocessing = 0;
		};
		13DC5AD51E8BC7AF00EBC24F /* Sources */ = {
			isa = PBXSourcesBuildPhase;
			buildActionMask = 2147483647;
			files = (
				13DC5ADE1E8BC7AF00EBC24F /* CykasUITests.swift in Sources */,
			);
			runOnlyForDeploymentPostprocessing = 0;
		};
/* End PBXSourcesBuildPhase section */

/* Begin PBXTargetDependency section */
		13DC5AD01E8BC7AF00EBC24F /* PBXTargetDependency */ = {
			isa = PBXTargetDependency;
			target = 13DC5AB61E8BC7AF00EBC24F /* Cykas */;
			targetProxy = 13DC5ACF1E8BC7AF00EBC24F /* PBXContainerItemProxy */;
		};
		13DC5ADB1E8BC7AF00EBC24F /* PBXTargetDependency */ = {
			isa = PBXTargetDependency;
			target = 13DC5AB61E8BC7AF00EBC24F /* Cykas */;
			targetProxy = 13DC5ADA1E8BC7AF00EBC24F /* PBXContainerItemProxy */;
		};
/* End PBXTargetDependency section */

/* Begin PBXVariantGroup section */
		13DC5ABE1E8BC7AF00EBC24F /* Main.storyboard */ = {
			isa = PBXVariantGroup;
			children = (
				13DC5ABF1E8BC7AF00EBC24F /* Base */,
			);
			name = Main.storyboard;
			sourceTree = "<group>";
		};
		13DC5AC61E8BC7AF00EBC24F /* LaunchScreen.storyboard */ = {
			isa = PBXVariantGroup;
			children = (
				13DC5AC71E8BC7AF00EBC24F /* Base */,
			);
			name = LaunchScreen.storyboard;
			sourceTree = "<group>";
		};
/* End PBXVariantGroup section */

/* Begin XCBuildConfiguration section */
		13DC5AE01E8BC7AF00EBC24F /* Debug */ = {
			isa = XCBuildConfiguration;
			buildSettings = {
				ALWAYS_SEARCH_USER_PATHS = NO;
				CLANG_ANALYZER_NONNULL = YES;
				CLANG_CXX_LANGUAGE_STANDARD = "gnu++0x";
				CLANG_CXX_LIBRARY = "libc++";
				CLANG_ENABLE_MODULES = YES;
				CLANG_ENABLE_OBJC_ARC = YES;
				CLANG_WARN_BOOL_CONVERSION = YES;
				CLANG_WARN_CONSTANT_CONVERSION = YES;
				CLANG_WARN_DIRECT_OBJC_ISA_USAGE = YES_ERROR;
				CLANG_WARN_DOCUMENTATION_COMMENTS = YES;
				CLANG_WARN_EMPTY_BODY = YES;
				CLANG_WARN_ENUM_CONVERSION = YES;
				CLANG_WARN_INFINITE_RECURSION = YES;
				CLANG_WARN_INT_CONVERSION = YES;
				CLANG_WARN_OBJC_ROOT_CLASS = YES_ERROR;
				CLANG_WARN_SUSPICIOUS_MOVE = YES;
				CLANG_WARN_UNREACHABLE_CODE = YES;
				CLANG_WARN__DUPLICATE_METHOD_MATCH = YES;
				"CODE_SIGN_IDENTITY[sdk=iphoneos*]" = "iPhone Developer";
				COPY_PHASE_STRIP = NO;
				DEBUG_INFORMATION_FORMAT = dwarf;
				ENABLE_STRICT_OBJC_MSGSEND = YES;
				ENABLE_TESTABILITY = YES;
				GCC_C_LANGUAGE_STANDARD = gnu99;
				GCC_DYNAMIC_NO_PIC = NO;
				GCC_NO_COMMON_BLOCKS = YES;
				GCC_OPTIMIZATION_LEVEL = 0;
				GCC_PREPROCESSOR_DEFINITIONS = (
					"DEBUG=1",
					"$(inherited)",
				);
				GCC_WARN_64_TO_32_BIT_CONVERSION = YES;
				GCC_WARN_ABOUT_RETURN_TYPE = YES_ERROR;
				GCC_WARN_UNDECLARED_SELECTOR = YES;
				GCC_WARN_UNINITIALIZED_AUTOS = YES_AGGRESSIVE;
				GCC_WARN_UNUSED_FUNCTION = YES;
				GCC_WARN_UNUSED_VARIABLE = YES;
				IPHONEOS_DEPLOYMENT_TARGET = 10.2;
				MTL_ENABLE_DEBUG_INFO = YES;
				ONLY_ACTIVE_ARCH = YES;
				SDKROOT = iphoneos;
				SWIFT_ACTIVE_COMPILATION_CONDITIONS = DEBUG;
				SWIFT_OPTIMIZATION_LEVEL = "-Onone";
				TARGETED_DEVICE_FAMILY = "1,2";
			};
			name = Debug;
		};
		13DC5AE11E8BC7AF00EBC24F /* Release */ = {
			isa = XCBuildConfiguration;
			buildSettings = {
				ALWAYS_SEARCH_USER_PATHS = NO;
				CLANG_ANALYZER_NONNULL = YES;
				CLANG_CXX_LANGUAGE_STANDARD = "gnu++0x";
				CLANG_CXX_LIBRARY = "libc++";
				CLANG_ENABLE_MODULES = YES;
				CLANG_ENABLE_OBJC_ARC = YES;
				CLANG_WARN_BOOL_CONVERSION = YES;
				CLANG_WARN_CONSTANT_CONVERSION = YES;
				CLANG_WARN_DIRECT_OBJC_ISA_USAGE = YES_ERROR;
				CLANG_WARN_DOCUMENTATION_COMMENTS = YES;
				CLANG_WARN_EMPTY_BODY = YES;
				CLANG_WARN_ENUM_CONVERSION = YES;
				CLANG_WARN_INFINITE_RECURSION = YES;
				CLANG_WARN_INT_CONVERSION = YES;
				CLANG_WARN_OBJC_ROOT_CLASS = YES_ERROR;
				CLANG_WARN_SUSPICIOUS_MOVE = YES;
				CLANG_WARN_UNREACHABLE_CODE = YES;
				CLANG_WARN__DUPLICATE_METHOD_MATCH = YES;
				"CODE_SIGN_IDENTITY[sdk=iphoneos*]" = "iPhone Developer";
				COPY_PHASE_STRIP = NO;
				DEBUG_INFORMATION_FORMAT = "dwarf-with-dsym";
				ENABLE_NS_ASSERTIONS = NO;
				ENABLE_STRICT_OBJC_MSGSEND = YES;
				GCC_C_LANGUAGE_STANDARD = gnu99;
				GCC_NO_COMMON_BLOCKS = YES;
				GCC_WARN_64_TO_32_BIT_CONVERSION = YES;
				GCC_WARN_ABOUT_RETURN_TYPE = YES_ERROR;
				GCC_WARN_UNDECLARED_SELECTOR = YES;
				GCC_WARN_UNINITIALIZED_AUTOS = YES_AGGRESSIVE;
				GCC_WARN_UNUSED_FUNCTION = YES;
				GCC_WARN_UNUSED_VARIABLE = YES;
				IPHONEOS_DEPLOYMENT_TARGET = 10.2;
				MTL_ENABLE_DEBUG_INFO = NO;
				SDKROOT = iphoneos;
				SWIFT_OPTIMIZATION_LEVEL = "-Owholemodule";
				TARGETED_DEVICE_FAMILY = "1,2";
				VALIDATE_PRODUCT = YES;
			};
			name = Release;
		};
		13DC5AE31E8BC7AF00EBC24F /* Debug */ = {
			isa = XCBuildConfiguration;
			buildSettings = {
				ASSETCATALOG_COMPILER_APPICON_NAME = AppIcon;
				DEVELOPMENT_TEAM = 7HD9H4B8M3;
				FRAMEWORK_SEARCH_PATHS = (
					"$(inherited)",
					"$(PROJECT_DIR)",
				);
				INFOPLIST_FILE = Cykas/Info.plist;
				LD_RUNPATH_SEARCH_PATHS = "$(inherited) @executable_path/Frameworks";
				PRODUCT_BUNDLE_IDENTIFIER = ALBA.Cykas;
				PRODUCT_NAME = "$(TARGET_NAME)";
				SWIFT_VERSION = 3.0;
			};
			name = Debug;
		};
		13DC5AE41E8BC7AF00EBC24F /* Release */ = {
			isa = XCBuildConfiguration;
			buildSettings = {
				ASSETCATALOG_COMPILER_APPICON_NAME = AppIcon;
				DEVELOPMENT_TEAM = 7HD9H4B8M3;
				FRAMEWORK_SEARCH_PATHS = (
					"$(inherited)",
					"$(PROJECT_DIR)",
				);
				INFOPLIST_FILE = Cykas/Info.plist;
				LD_RUNPATH_SEARCH_PATHS = "$(inherited) @executable_path/Frameworks";
				PRODUCT_BUNDLE_IDENTIFIER = ALBA.Cykas;
				PRODUCT_NAME = "$(TARGET_NAME)";
				SWIFT_VERSION = 3.0;
			};
			name = Release;
		};
		13DC5AE61E8BC7AF00EBC24F /* Debug */ = {
			isa = XCBuildConfiguration;
			buildSettings = {
				ALWAYS_EMBED_SWIFT_STANDARD_LIBRARIES = YES;
				BUNDLE_LOADER = "$(TEST_HOST)";
				DEVELOPMENT_TEAM = 7HD9H4B8M3;
				INFOPLIST_FILE = CykasTests/Info.plist;
				LD_RUNPATH_SEARCH_PATHS = "$(inherited) @executable_path/Frameworks @loader_path/Frameworks";
				PRODUCT_BUNDLE_IDENTIFIER = com.casciano.maurizio.CykasTests;
				PRODUCT_NAME = "$(TARGET_NAME)";
				SWIFT_VERSION = 3.0;
				TEST_HOST = "$(BUILT_PRODUCTS_DIR)/Cykas.app/Cykas";
			};
			name = Debug;
		};
		13DC5AE71E8BC7AF00EBC24F /* Release */ = {
			isa = XCBuildConfiguration;
			buildSettings = {
				ALWAYS_EMBED_SWIFT_STANDARD_LIBRARIES = YES;
				BUNDLE_LOADER = "$(TEST_HOST)";
				DEVELOPMENT_TEAM = 7HD9H4B8M3;
				INFOPLIST_FILE = CykasTests/Info.plist;
				LD_RUNPATH_SEARCH_PATHS = "$(inherited) @executable_path/Frameworks @loader_path/Frameworks";
				PRODUCT_BUNDLE_IDENTIFIER = com.casciano.maurizio.CykasTests;
				PRODUCT_NAME = "$(TARGET_NAME)";
				SWIFT_VERSION = 3.0;
				TEST_HOST = "$(BUILT_PRODUCTS_DIR)/Cykas.app/Cykas";
			};
			name = Release;
		};
		13DC5AE91E8BC7AF00EBC24F /* Debug */ = {
			isa = XCBuildConfiguration;
			buildSettings = {
				ALWAYS_EMBED_SWIFT_STANDARD_LIBRARIES = YES;
				DEVELOPMENT_TEAM = 7HD9H4B8M3;
				INFOPLIST_FILE = CykasUITests/Info.plist;
				LD_RUNPATH_SEARCH_PATHS = "$(inherited) @executable_path/Frameworks @loader_path/Frameworks";
				PRODUCT_BUNDLE_IDENTIFIER = com.casciano.maurizio.CykasUITests;
				PRODUCT_NAME = "$(TARGET_NAME)";
				SWIFT_VERSION = 3.0;
				TEST_TARGET_NAME = Cykas;
			};
			name = Debug;
		};
		13DC5AEA1E8BC7AF00EBC24F /* Release */ = {
			isa = XCBuildConfiguration;
			buildSettings = {
				ALWAYS_EMBED_SWIFT_STANDARD_LIBRARIES = YES;
				DEVELOPMENT_TEAM = 7HD9H4B8M3;
				INFOPLIST_FILE = CykasUITests/Info.plist;
				LD_RUNPATH_SEARCH_PATHS = "$(inherited) @executable_path/Frameworks @loader_path/Frameworks";
				PRODUCT_BUNDLE_IDENTIFIER = com.casciano.maurizio.CykasUITests;
				PRODUCT_NAME = "$(TARGET_NAME)";
				SWIFT_VERSION = 3.0;
				TEST_TARGET_NAME = Cykas;
			};
			name = Release;
		};
/* End XCBuildConfiguration section */

/* Begin XCConfigurationList section */
		13DC5AB21E8BC7AF00EBC24F /* Build configuration list for PBXProject "Cykas" */ = {
			isa = XCConfigurationList;
			buildConfigurations = (
				13DC5AE01E8BC7AF00EBC24F /* Debug */,
				13DC5AE11E8BC7AF00EBC24F /* Release */,
			);
			defaultConfigurationIsVisible = 0;
			defaultConfigurationName = Release;
		};
		13DC5AE21E8BC7AF00EBC24F /* Build configuration list for PBXNativeTarget "Cykas" */ = {
			isa = XCConfigurationList;
			buildConfigurations = (
				13DC5AE31E8BC7AF00EBC24F /* Debug */,
				13DC5AE41E8BC7AF00EBC24F /* Release */,
			);
			defaultConfigurationIsVisible = 0;
			defaultConfigurationName = Release;
		};
		13DC5AE51E8BC7AF00EBC24F /* Build configuration list for PBXNativeTarget "CykasTests" */ = {
			isa = XCConfigurationList;
			buildConfigurations = (
				13DC5AE61E8BC7AF00EBC24F /* Debug */,
				13DC5AE71E8BC7AF00EBC24F /* Release */,
			);
			defaultConfigurationIsVisible = 0;
			defaultConfigurationName = Release;
		};
		13DC5AE81E8BC7AF00EBC24F /* Build configuration list for PBXNativeTarget "CykasUITests" */ = {
			isa = XCConfigurationList;
			buildConfigurations = (
				13DC5AE91E8BC7AF00EBC24F /* Debug */,
				13DC5AEA1E8BC7AF00EBC24F /* Release */,
			);
			defaultConfigurationIsVisible = 0;
			defaultConfigurationName = Release;
		};
/* End XCConfigurationList section */

/* Begin XCVersionGroup section */
		13DC5AC11E8BC7AF00EBC24F /* Cykas.xcdatamodeld */ = {
			isa = XCVersionGroup;
			children = (
				13DC5AC21E8BC7AF00EBC24F /* Cykas.xcdatamodel */,
			);
			currentVersion = 13DC5AC21E8BC7AF00EBC24F /* Cykas.xcdatamodel */;
			path = Cykas.xcdatamodeld;
			sourceTree = "<group>";
			versionGroupType = wrapper.xcdatamodel;
		};
/* End XCVersionGroup section */
	};
	rootObject = 13DC5AAF1E8BC7AF00EBC24F /* Project object */;
}
